Microsoft Visual Studio Solution File, Format Version 12.00
# Visual Studio Version 16
VisualStudioVersion = 16.0.30406.217
MinimumVisualStudioVersion = 10.0.40219.1
Project("{FAE04EC0-301F-11D3-BF4B-00C04F79EFBC}") = "DecisionsSnowflake", "DecisionsSnowflake\DecisionsSnowflake.csproj", "{A5071EA8-A2EE-4638-B91F-C95F93C3D172}"
EndProject
Project("{FAE04EC0-301F-11D3-BF4B-00C04F79EFBC}") = "Runner", "Runner\Runner.csproj", "{C395610B-FB43-4D6A-9894-0C5D23299CB2}"
EndProject
Global
	GlobalSection(SolutionConfigurationPlatforms) = preSolution
		Debug|Any CPU = Debug|Any CPU
		Release|Any CPU = Release|Any CPU
	EndGlobalSection
	GlobalSection(ProjectConfigurationPlatforms) = postSolution
		{A5071EA8-A2EE-4638-B91F-C95F93C3D172}.Debug|Any CPU.ActiveCfg = Debug|Any CPU
		{A5071EA8-A2EE-4638-B91F-C95F93C3D172}.Debug|Any CPU.Build.0 = Debug|Any CPU
		{A5071EA8-A2EE-4638-B91F-C95F93C3D172}.Release|Any CPU.ActiveCfg = Release|Any CPU
		{A5071EA8-A2EE-4638-B91F-C95F93C3D172}.Release|Any CPU.Build.0 = Release|Any CPU
		{C395610B-FB43-4D6A-9894-0C5D23299CB2}.Debug|Any CPU.ActiveCfg = Debug|Any CPU
		{C395610B-FB43-4D6A-9894-0C5D23299CB2}.Debug|Any CPU.Build.0 = Debug|Any CPU
		{C395610B-FB43-4D6A-9894-0C5D23299CB2}.Release|Any CPU.ActiveCfg = Release|Any CPU
		{C395610B-FB43-4D6A-9894-0C5D23299CB2}.Release|Any CPU.Build.0 = Release|Any CPU
	EndGlobalSection
	GlobalSection(SolutionProperties) = preSolution
		HideSolutionNode = FALSE
	EndGlobalSection
	GlobalSection(ExtensibilityGlobals) = postSolution
		SolutionGuid = {5B975D58-5D99-4471-8FDA-60F4B96016EC}
	EndGlobalSection
EndGlobal
